
Microsoft Visual Studio Solution File, Format Version 12.00
# Visual Studio Version 17
VisualStudioVersion = 17.5.33414.496
MinimumVisualStudioVersion = 10.0.40219.1
Project("{FAE04EC0-301F-11D3-BF4B-00C04F79EFBC}") = "WIS - PI - v2", "WIS - PI - v2.csproj", "{7151689B-5864-491C-9C67-07FC27248901}"
EndProject
Global
	GlobalSection(SolutionConfigurationPlatforms) = preSolution
		Debug|Any CPU = Debug|Any CPU
		Release|Any CPU = Release|Any CPU
	EndGlobalSection
	GlobalSection(ProjectConfigurationPlatforms) = postSolution
		{7151689B-5864-491C-9C67-07FC27248901}.Debug|Any CPU.ActiveCfg = Debug|Any CPU
		{7151689B-5864-491C-9C67-07FC27248901}.Debug|Any CPU.Build.0 = Debug|Any CPU
		{7151689B-5864-491C-9C67-07FC27248901}.Release|Any CPU.ActiveCfg = Release|Any CPU
		{7151689B-5864-491C-9C67-07FC27248901}.Release|Any CPU.Build.0 = Release|Any CPU
	EndGlobalSection
	GlobalSection(SolutionProperties) = preSolution
		HideSolutionNode = FALSE
	EndGlobalSection
	GlobalSection(ExtensibilityGlobals) = postSolution
		SolutionGuid = {4713D90B-7232-438B-A4A4-BED29E569B09}
	EndGlobalSection
EndGlobal
